
Microsoft Visual Studio Solution File, Format Version 12.00
# Visual Studio Version 16
VisualStudioVersion = 16.0.30523.141
MinimumVisualStudioVersion = 10.0.40219.1
Project("{FAE04EC0-301F-11D3-BF4B-00C04F79EFBC}") = "Builder_Creational", "Builder\Builder_Creational.csproj", "{EC5BE92F-3947-488E-B489-06B2240AD2FB}"
EndProject
Project("{FAE04EC0-301F-11D3-BF4B-00C04F79EFBC}") = "Adapter_Structural", "Adapter_Structural\Adapter_Structural.csproj", "{D91EA0C2-8CC2-468F-9215-E773FAB8B197}"
EndProject
Project("{FAE04EC0-301F-11D3-BF4B-00C04F79EFBC}") = "Observer_Behavioral", "Observer_Behavioral\Observer_Behavioral.csproj", "{FCF2D5D9-A699-433B-B98C-899A860D8511}"
EndProject
Global
	GlobalSection(SolutionConfigurationPlatforms) = preSolution
		Debug|Any CPU = Debug|Any CPU
		Release|Any CPU = Release|Any CPU
	EndGlobalSection
	GlobalSection(ProjectConfigurationPlatforms) = postSolution
		{EC5BE92F-3947-488E-B489-06B2240AD2FB}.Debug|Any CPU.ActiveCfg = Debug|Any CPU
		{EC5BE92F-3947-488E-B489-06B2240AD2FB}.Debug|Any CPU.Build.0 = Debug|Any CPU
		{EC5BE92F-3947-488E-B489-06B2240AD2FB}.Release|Any CPU.ActiveCfg = Release|Any CPU
		{EC5BE92F-3947-488E-B489-06B2240AD2FB}.Release|Any CPU.Build.0 = Release|Any CPU
		{D91EA0C2-8CC2-468F-9215-E773FAB8B197}.Debug|Any CPU.ActiveCfg = Debug|Any CPU
		{D91EA0C2-8CC2-468F-9215-E773FAB8B197}.Debug|Any CPU.Build.0 = Debug|Any CPU
		{D91EA0C2-8CC2-468F-9215-E773FAB8B197}.Release|Any CPU.ActiveCfg = Release|Any CPU
		{D91EA0C2-8CC2-468F-9215-E773FAB8B197}.Release|Any CPU.Build.0 = Release|Any CPU
		{FCF2D5D9-A699-433B-B98C-899A860D8511}.Debug|Any CPU.ActiveCfg = Debug|Any CPU
		{FCF2D5D9-A699-433B-B98C-899A860D8511}.Debug|Any CPU.Build.0 = Debug|Any CPU
		{FCF2D5D9-A699-433B-B98C-899A860D8511}.Release|Any CPU.ActiveCfg = Release|Any CPU
		{FCF2D5D9-A699-433B-B98C-899A860D8511}.Release|Any CPU.Build.0 = Release|Any CPU
	EndGlobalSection
	GlobalSection(SolutionProperties) = preSolution
		HideSolutionNode = FALSE
	EndGlobalSection
	GlobalSection(ExtensibilityGlobals) = postSolution
		SolutionGuid = {25C41103-92CC-4F1B-AD56-8EA904D3740E}
	EndGlobalSection
EndGlobal
